
Microsoft Visual Studio Solution File, Format Version 12.00
# Visual Studio 2013
VisualStudioVersion = 12.0.21005.1
MinimumVisualStudioVersion = 10.0.40219.1
Project("{FAE04EC0-301F-11D3-BF4B-00C04F79EFBC}") = "01.3-6-9", "01.3-6-9\01.3-6-9.csproj", "{071B6AC3-C46B-4D0F-A015-9755713B48E7}"
EndProject
Project("{FAE04EC0-301F-11D3-BF4B-00C04F79EFBC}") = "02.TheHorror", "02.TheHorror\02.TheHorror.csproj", "{29F22370-87B3-457F-915B-6B45936DDBB6}"
EndProject
Project("{FAE04EC0-301F-11D3-BF4B-00C04F79EFBC}") = "03.XExpression", "03.XExpression\03.XExpression.csproj", "{58D4AEB8-85AE-42FA-87A5-2A110C5BF666}"
EndProject
Project("{FAE04EC0-301F-11D3-BF4B-00C04F79EFBC}") = "04.DiamondTrolls", "04.DiamondTrolls\04.DiamondTrolls.csproj", "{576B28C5-88EB-4F3A-84A7-06299ECD7EF0}"
EndProject
Project("{FAE04EC0-301F-11D3-BF4B-00C04F79EFBC}") = "05.Warhead", "05.Warhead\05.Warhead.csproj", "{7243CB48-3BD0-4EB5-A4F4-ACAAC65FB8A5}"
EndProject
Global
	GlobalSection(SolutionConfigurationPlatforms) = preSolution
		Debug|Any CPU = Debug|Any CPU
		Release|Any CPU = Release|Any CPU
	EndGlobalSection
	GlobalSection(ProjectConfigurationPlatforms) = postSolution
		{071B6AC3-C46B-4D0F-A015-9755713B48E7}.Debug|Any CPU.ActiveCfg = Debug|Any CPU
		{071B6AC3-C46B-4D0F-A015-9755713B48E7}.Debug|Any CPU.Build.0 = Debug|Any CPU
		{071B6AC3-C46B-4D0F-A015-9755713B48E7}.Release|Any CPU.ActiveCfg = Release|Any CPU
		{071B6AC3-C46B-4D0F-A015-9755713B48E7}.Release|Any CPU.Build.0 = Release|Any CPU
		{29F22370-87B3-457F-915B-6B45936DDBB6}.Debug|Any CPU.ActiveCfg = Debug|Any CPU
		{29F22370-87B3-457F-915B-6B45936DDBB6}.Debug|Any CPU.Build.0 = Debug|Any CPU
		{29F22370-87B3-457F-915B-6B45936DDBB6}.Release|Any CPU.ActiveCfg = Release|Any CPU
		{29F22370-87B3-457F-915B-6B45936DDBB6}.Release|Any CPU.Build.0 = Release|Any CPU
		{58D4AEB8-85AE-42FA-87A5-2A110C5BF666}.Debug|Any CPU.ActiveCfg = Debug|Any CPU
		{58D4AEB8-85AE-42FA-87A5-2A110C5BF666}.Debug|Any CPU.Build.0 = Debug|Any CPU
		{58D4AEB8-85AE-42FA-87A5-2A110C5BF666}.Release|Any CPU.ActiveCfg = Release|Any CPU
		{58D4AEB8-85AE-42FA-87A5-2A110C5BF666}.Release|Any CPU.Build.0 = Release|Any CPU
		{576B28C5-88EB-4F3A-84A7-06299ECD7EF0}.Debug|Any CPU.ActiveCfg = Debug|Any CPU
		{576B28C5-88EB-4F3A-84A7-06299ECD7EF0}.Debug|Any CPU.Build.0 = Debug|Any CPU
		{576B28C5-88EB-4F3A-84A7-06299ECD7EF0}.Release|Any CPU.ActiveCfg = Release|Any CPU
		{576B28C5-88EB-4F3A-84A7-06299ECD7EF0}.Release|Any CPU.Build.0 = Release|Any CPU
		{7243CB48-3BD0-4EB5-A4F4-ACAAC65FB8A5}.Debug|Any CPU.ActiveCfg = Debug|Any CPU
		{7243CB48-3BD0-4EB5-A4F4-ACAAC65FB8A5}.Debug|Any CPU.Build.0 = Debug|Any CPU
		{7243CB48-3BD0-4EB5-A4F4-ACAAC65FB8A5}.Release|Any CPU.ActiveCfg = Release|Any CPU
		{7243CB48-3BD0-4EB5-A4F4-ACAAC65FB8A5}.Release|Any CPU.Build.0 = Release|Any CPU
	EndGlobalSection
	GlobalSection(SolutionProperties) = preSolution
		HideSolutionNode = FALSE
	EndGlobalSection
EndGlobal
