
Microsoft Visual Studio Solution File, Format Version 12.00
# Visual Studio 2013
VisualStudioVersion = 12.0.21005.1
MinimumVisualStudioVersion = 10.0.40219.1
Project("{FAE04EC0-301F-11D3-BF4B-00C04F79EFBC}") = "01.Cinema", "01.Cinema\01.Cinema.csproj", "{A0718E78-F7C0-4717-BB98-478ED7F86856}"
EndProject
Project("{FAE04EC0-301F-11D3-BF4B-00C04F79EFBC}") = "02.Illuminati", "02.Illuminati\02.Illuminati.csproj", "{C39E39AB-752D-46B9-A6B2-51743CAE5175}"
EndProject
Project("{FAE04EC0-301F-11D3-BF4B-00C04F79EFBC}") = "03.NewHouse", "03.NewHouse\03.NewHouse.csproj", "{49BF8B4A-A08B-43AA-B510-CF45C347B215}"
EndProject
Project("{FAE04EC0-301F-11D3-BF4B-00C04F79EFBC}") = "04.CrossingSequences", "04.CrossingSequences\04.CrossingSequences.csproj", "{617CCDDB-1B34-4A38-8894-A1E18DBB3183}"
EndProject
Project("{FAE04EC0-301F-11D3-BF4B-00C04F79EFBC}") = "05.CatchTheBits", "05.CatchTheBits\05.CatchTheBits.csproj", "{5BDFB429-E198-4C64-A1C3-F7DD6A9E613F}"
EndProject
Global
	GlobalSection(SolutionConfigurationPlatforms) = preSolution
		Debug|Any CPU = Debug|Any CPU
		Release|Any CPU = Release|Any CPU
	EndGlobalSection
	GlobalSection(ProjectConfigurationPlatforms) = postSolution
		{A0718E78-F7C0-4717-BB98-478ED7F86856}.Debug|Any CPU.ActiveCfg = Debug|Any CPU
		{A0718E78-F7C0-4717-BB98-478ED7F86856}.Debug|Any CPU.Build.0 = Debug|Any CPU
		{A0718E78-F7C0-4717-BB98-478ED7F86856}.Release|Any CPU.ActiveCfg = Release|Any CPU
		{A0718E78-F7C0-4717-BB98-478ED7F86856}.Release|Any CPU.Build.0 = Release|Any CPU
		{C39E39AB-752D-46B9-A6B2-51743CAE5175}.Debug|Any CPU.ActiveCfg = Debug|Any CPU
		{C39E39AB-752D-46B9-A6B2-51743CAE5175}.Debug|Any CPU.Build.0 = Debug|Any CPU
		{C39E39AB-752D-46B9-A6B2-51743CAE5175}.Release|Any CPU.ActiveCfg = Release|Any CPU
		{C39E39AB-752D-46B9-A6B2-51743CAE5175}.Release|Any CPU.Build.0 = Release|Any CPU
		{49BF8B4A-A08B-43AA-B510-CF45C347B215}.Debug|Any CPU.ActiveCfg = Debug|Any CPU
		{49BF8B4A-A08B-43AA-B510-CF45C347B215}.Debug|Any CPU.Build.0 = Debug|Any CPU
		{49BF8B4A-A08B-43AA-B510-CF45C347B215}.Release|Any CPU.ActiveCfg = Release|Any CPU
		{49BF8B4A-A08B-43AA-B510-CF45C347B215}.Release|Any CPU.Build.0 = Release|Any CPU
		{617CCDDB-1B34-4A38-8894-A1E18DBB3183}.Debug|Any CPU.ActiveCfg = Debug|Any CPU
		{617CCDDB-1B34-4A38-8894-A1E18DBB3183}.Debug|Any CPU.Build.0 = Debug|Any CPU
		{617CCDDB-1B34-4A38-8894-A1E18DBB3183}.Release|Any CPU.ActiveCfg = Release|Any CPU
		{617CCDDB-1B34-4A38-8894-A1E18DBB3183}.Release|Any CPU.Build.0 = Release|Any CPU
		{5BDFB429-E198-4C64-A1C3-F7DD6A9E613F}.Debug|Any CPU.ActiveCfg = Debug|Any CPU
		{5BDFB429-E198-4C64-A1C3-F7DD6A9E613F}.Debug|Any CPU.Build.0 = Debug|Any CPU
		{5BDFB429-E198-4C64-A1C3-F7DD6A9E613F}.Release|Any CPU.ActiveCfg = Release|Any CPU
		{5BDFB429-E198-4C64-A1C3-F7DD6A9E613F}.Release|Any CPU.Build.0 = Release|Any CPU
	EndGlobalSection
	GlobalSection(SolutionProperties) = preSolution
		HideSolutionNode = FALSE
	EndGlobalSection
EndGlobal
