
Microsoft Visual Studio Solution File, Format Version 12.00
# Visual Studio 2013
VisualStudioVersion = 12.0.31101.0
MinimumVisualStudioVersion = 10.0.40219.1
Project("{FAE04EC0-301F-11D3-BF4B-00C04F79EFBC}") = "01.DataFromRelatedTables", "01.DataFromRelatedTables\01.DataFromRelatedTables.csproj", "{AC33DF41-1BB0-4808-BC7D-20BC51BE93B8}"
EndProject
Project("{FAE04EC0-301F-11D3-BF4B-00C04F79EFBC}") = "02.ToListOptimisation", "02.ToListOptimisation\02.ToListOptimisation.csproj", "{21C3F848-8477-481D-99F5-8FABFFF809BF}"
EndProject
Project("{FAE04EC0-301F-11D3-BF4B-00C04F79EFBC}") = "03.SelectOptimisation", "03.SelectOptimisation\03.SelectOptimisation.csproj", "{8C56CCD9-410A-4E9F-99EF-143E63039A5C}"
EndProject
Global
	GlobalSection(SolutionConfigurationPlatforms) = preSolution
		Debug|Any CPU = Debug|Any CPU
		Release|Any CPU = Release|Any CPU
	EndGlobalSection
	GlobalSection(ProjectConfigurationPlatforms) = postSolution
		{AC33DF41-1BB0-4808-BC7D-20BC51BE93B8}.Debug|Any CPU.ActiveCfg = Debug|Any CPU
		{AC33DF41-1BB0-4808-BC7D-20BC51BE93B8}.Debug|Any CPU.Build.0 = Debug|Any CPU
		{AC33DF41-1BB0-4808-BC7D-20BC51BE93B8}.Release|Any CPU.ActiveCfg = Release|Any CPU
		{AC33DF41-1BB0-4808-BC7D-20BC51BE93B8}.Release|Any CPU.Build.0 = Release|Any CPU
		{21C3F848-8477-481D-99F5-8FABFFF809BF}.Debug|Any CPU.ActiveCfg = Debug|Any CPU
		{21C3F848-8477-481D-99F5-8FABFFF809BF}.Debug|Any CPU.Build.0 = Debug|Any CPU
		{21C3F848-8477-481D-99F5-8FABFFF809BF}.Release|Any CPU.ActiveCfg = Release|Any CPU
		{21C3F848-8477-481D-99F5-8FABFFF809BF}.Release|Any CPU.Build.0 = Release|Any CPU
		{8C56CCD9-410A-4E9F-99EF-143E63039A5C}.Debug|Any CPU.ActiveCfg = Debug|Any CPU
		{8C56CCD9-410A-4E9F-99EF-143E63039A5C}.Debug|Any CPU.Build.0 = Debug|Any CPU
		{8C56CCD9-410A-4E9F-99EF-143E63039A5C}.Release|Any CPU.ActiveCfg = Release|Any CPU
		{8C56CCD9-410A-4E9F-99EF-143E63039A5C}.Release|Any CPU.Build.0 = Release|Any CPU
	EndGlobalSection
	GlobalSection(SolutionProperties) = preSolution
		HideSolutionNode = FALSE
	EndGlobalSection
EndGlobal
