
Microsoft Visual Studio Solution File, Format Version 12.00
# Visual Studio 2013
VisualStudioVersion = 12.0.21005.1
MinimumVisualStudioVersion = 10.0.40219.1
Project("{FAE04EC0-301F-11D3-BF4B-00C04F79EFBC}") = "01.PeaceOfCake", "01.PeaceOfCake\01.PeaceOfCake.csproj", "{C965F78C-FD64-48DA-BF85-BD5555F59AD9}"
EndProject
Project("{FAE04EC0-301F-11D3-BF4B-00C04F79EFBC}") = "02.AngryFemaleGPS", "02.AngryFemaleGPS\02.AngryFemaleGPS.csproj", "{9A67DB28-9042-4A3E-A1F0-40DBA0535092}"
EndProject
Project("{FAE04EC0-301F-11D3-BF4B-00C04F79EFBC}") = "03.OnesAndZeroes", "03.OnesAndZeroes\03.OnesAndZeroes.csproj", "{DDF47C37-6B86-4452-9DC6-56663D1D3CEE}"
EndProject
Project("{FAE04EC0-301F-11D3-BF4B-00C04F79EFBC}") = "04.Eggcelent", "04.Eggcelent\04.Eggcelent.csproj", "{0CCDE8F4-5071-4A13-9E42-69A0C84B61F2}"
EndProject
Project("{FAE04EC0-301F-11D3-BF4B-00C04F79EFBC}") = "05.NaBabaMiSmetalnika", "05.NaBabaMiSmetalnika\05.NaBabaMiSmetalnika.csproj", "{6A676A47-D465-455D-9D02-23181402FD44}"
EndProject
Global
	GlobalSection(SolutionConfigurationPlatforms) = preSolution
		Debug|Any CPU = Debug|Any CPU
		Release|Any CPU = Release|Any CPU
	EndGlobalSection
	GlobalSection(ProjectConfigurationPlatforms) = postSolution
		{C965F78C-FD64-48DA-BF85-BD5555F59AD9}.Debug|Any CPU.ActiveCfg = Debug|Any CPU
		{C965F78C-FD64-48DA-BF85-BD5555F59AD9}.Debug|Any CPU.Build.0 = Debug|Any CPU
		{C965F78C-FD64-48DA-BF85-BD5555F59AD9}.Release|Any CPU.ActiveCfg = Release|Any CPU
		{C965F78C-FD64-48DA-BF85-BD5555F59AD9}.Release|Any CPU.Build.0 = Release|Any CPU
		{9A67DB28-9042-4A3E-A1F0-40DBA0535092}.Debug|Any CPU.ActiveCfg = Debug|Any CPU
		{9A67DB28-9042-4A3E-A1F0-40DBA0535092}.Debug|Any CPU.Build.0 = Debug|Any CPU
		{9A67DB28-9042-4A3E-A1F0-40DBA0535092}.Release|Any CPU.ActiveCfg = Release|Any CPU
		{9A67DB28-9042-4A3E-A1F0-40DBA0535092}.Release|Any CPU.Build.0 = Release|Any CPU
		{DDF47C37-6B86-4452-9DC6-56663D1D3CEE}.Debug|Any CPU.ActiveCfg = Debug|Any CPU
		{DDF47C37-6B86-4452-9DC6-56663D1D3CEE}.Debug|Any CPU.Build.0 = Debug|Any CPU
		{DDF47C37-6B86-4452-9DC6-56663D1D3CEE}.Release|Any CPU.ActiveCfg = Release|Any CPU
		{DDF47C37-6B86-4452-9DC6-56663D1D3CEE}.Release|Any CPU.Build.0 = Release|Any CPU
		{0CCDE8F4-5071-4A13-9E42-69A0C84B61F2}.Debug|Any CPU.ActiveCfg = Debug|Any CPU
		{0CCDE8F4-5071-4A13-9E42-69A0C84B61F2}.Debug|Any CPU.Build.0 = Debug|Any CPU
		{0CCDE8F4-5071-4A13-9E42-69A0C84B61F2}.Release|Any CPU.ActiveCfg = Release|Any CPU
		{0CCDE8F4-5071-4A13-9E42-69A0C84B61F2}.Release|Any CPU.Build.0 = Release|Any CPU
		{6A676A47-D465-455D-9D02-23181402FD44}.Debug|Any CPU.ActiveCfg = Debug|Any CPU
		{6A676A47-D465-455D-9D02-23181402FD44}.Debug|Any CPU.Build.0 = Debug|Any CPU
		{6A676A47-D465-455D-9D02-23181402FD44}.Release|Any CPU.ActiveCfg = Release|Any CPU
		{6A676A47-D465-455D-9D02-23181402FD44}.Release|Any CPU.Build.0 = Release|Any CPU
	EndGlobalSection
	GlobalSection(SolutionProperties) = preSolution
		HideSolutionNode = FALSE
	EndGlobalSection
EndGlobal
