
Microsoft Visual Studio Solution File, Format Version 12.00
# Visual Studio 2013
VisualStudioVersion = 12.0.21005.1
MinimumVisualStudioVersion = 10.0.40219.1
Project("{FAE04EC0-301F-11D3-BF4B-00C04F79EFBC}") = "01.Triangle", "01.Triangle\01.Triangle.csproj", "{BFE15869-D590-4A86-A48C-43E130D1404D}"
EndProject
Project("{FAE04EC0-301F-11D3-BF4B-00C04F79EFBC}") = "02.Pairs", "02.Pairs\02.Pairs.csproj", "{B2CBB7E9-E08B-4877-A936-8D2783B427C8}"
EndProject
Project("{FAE04EC0-301F-11D3-BF4B-00C04F79EFBC}") = "03.House", "03.House\03.House.csproj", "{9C197DA7-EAC9-4693-B500-024B40C7C5DD}"
EndProject
Project("{FAE04EC0-301F-11D3-BF4B-00C04F79EFBC}") = "04.MagicDates", "04.MagicDates\04.MagicDates.csproj", "{ED8D6C57-4891-4BCF-AE1C-F2FA4B12A204}"
EndProject
Project("{FAE04EC0-301F-11D3-BF4B-00C04F79EFBC}") = "05.BitsKiller", "05.BitsKiller\05.BitsKiller.csproj", "{0839667D-04B1-4539-B49F-0B29F625695A}"
EndProject
Global
	GlobalSection(SolutionConfigurationPlatforms) = preSolution
		Debug|Any CPU = Debug|Any CPU
		Release|Any CPU = Release|Any CPU
	EndGlobalSection
	GlobalSection(ProjectConfigurationPlatforms) = postSolution
		{BFE15869-D590-4A86-A48C-43E130D1404D}.Debug|Any CPU.ActiveCfg = Debug|Any CPU
		{BFE15869-D590-4A86-A48C-43E130D1404D}.Debug|Any CPU.Build.0 = Debug|Any CPU
		{BFE15869-D590-4A86-A48C-43E130D1404D}.Release|Any CPU.ActiveCfg = Release|Any CPU
		{BFE15869-D590-4A86-A48C-43E130D1404D}.Release|Any CPU.Build.0 = Release|Any CPU
		{B2CBB7E9-E08B-4877-A936-8D2783B427C8}.Debug|Any CPU.ActiveCfg = Debug|Any CPU
		{B2CBB7E9-E08B-4877-A936-8D2783B427C8}.Debug|Any CPU.Build.0 = Debug|Any CPU
		{B2CBB7E9-E08B-4877-A936-8D2783B427C8}.Release|Any CPU.ActiveCfg = Release|Any CPU
		{B2CBB7E9-E08B-4877-A936-8D2783B427C8}.Release|Any CPU.Build.0 = Release|Any CPU
		{9C197DA7-EAC9-4693-B500-024B40C7C5DD}.Debug|Any CPU.ActiveCfg = Debug|Any CPU
		{9C197DA7-EAC9-4693-B500-024B40C7C5DD}.Debug|Any CPU.Build.0 = Debug|Any CPU
		{9C197DA7-EAC9-4693-B500-024B40C7C5DD}.Release|Any CPU.ActiveCfg = Release|Any CPU
		{9C197DA7-EAC9-4693-B500-024B40C7C5DD}.Release|Any CPU.Build.0 = Release|Any CPU
		{ED8D6C57-4891-4BCF-AE1C-F2FA4B12A204}.Debug|Any CPU.ActiveCfg = Debug|Any CPU
		{ED8D6C57-4891-4BCF-AE1C-F2FA4B12A204}.Debug|Any CPU.Build.0 = Debug|Any CPU
		{ED8D6C57-4891-4BCF-AE1C-F2FA4B12A204}.Release|Any CPU.ActiveCfg = Release|Any CPU
		{ED8D6C57-4891-4BCF-AE1C-F2FA4B12A204}.Release|Any CPU.Build.0 = Release|Any CPU
		{0839667D-04B1-4539-B49F-0B29F625695A}.Debug|Any CPU.ActiveCfg = Debug|Any CPU
		{0839667D-04B1-4539-B49F-0B29F625695A}.Debug|Any CPU.Build.0 = Debug|Any CPU
		{0839667D-04B1-4539-B49F-0B29F625695A}.Release|Any CPU.ActiveCfg = Release|Any CPU
		{0839667D-04B1-4539-B49F-0B29F625695A}.Release|Any CPU.Build.0 = Release|Any CPU
	EndGlobalSection
	GlobalSection(SolutionProperties) = preSolution
		HideSolutionNode = FALSE
	EndGlobalSection
EndGlobal
