
Microsoft Visual Studio Solution File, Format Version 12.00
# Visual Studio 2013
VisualStudioVersion = 12.0.21005.1
MinimumVisualStudioVersion = 10.0.40219.1
Project("{FAE04EC0-301F-11D3-BF4B-00C04F79EFBC}") = "JustCars-Niki", "JustCars-Niki\JustCars-Niki.csproj", "{309EECF7-5792-4809-BAF9-ED4F437D5E6E}"
EndProject
Project("{FAE04EC0-301F-11D3-BF4B-00C04F79EFBC}") = "SnakeGame", "SnakeGame\SnakeGame.csproj", "{2ECCD0A8-1F66-42EE-9EC9-DC5D85603B20}"
EndProject
Project("{FAE04EC0-301F-11D3-BF4B-00C04F79EFBC}") = "TronGame", "TronGame\TronGame.csproj", "{869CC12F-DA3F-4371-A1AF-6481CA28F6AA}"
EndProject
Project("{FAE04EC0-301F-11D3-BF4B-00C04F79EFBC}") = "FallingRocksGame", "FallingRocksGame\FallingRocksGame.csproj", "{D42A983B-8B9B-490A-93FE-3F071E2AD1B1}"
EndProject
Global
	GlobalSection(SolutionConfigurationPlatforms) = preSolution
		Debug|Any CPU = Debug|Any CPU
		Release|Any CPU = Release|Any CPU
	EndGlobalSection
	GlobalSection(ProjectConfigurationPlatforms) = postSolution
		{309EECF7-5792-4809-BAF9-ED4F437D5E6E}.Debug|Any CPU.ActiveCfg = Debug|Any CPU
		{309EECF7-5792-4809-BAF9-ED4F437D5E6E}.Debug|Any CPU.Build.0 = Debug|Any CPU
		{309EECF7-5792-4809-BAF9-ED4F437D5E6E}.Release|Any CPU.ActiveCfg = Release|Any CPU
		{309EECF7-5792-4809-BAF9-ED4F437D5E6E}.Release|Any CPU.Build.0 = Release|Any CPU
		{2ECCD0A8-1F66-42EE-9EC9-DC5D85603B20}.Debug|Any CPU.ActiveCfg = Debug|Any CPU
		{2ECCD0A8-1F66-42EE-9EC9-DC5D85603B20}.Debug|Any CPU.Build.0 = Debug|Any CPU
		{2ECCD0A8-1F66-42EE-9EC9-DC5D85603B20}.Release|Any CPU.ActiveCfg = Release|Any CPU
		{2ECCD0A8-1F66-42EE-9EC9-DC5D85603B20}.Release|Any CPU.Build.0 = Release|Any CPU
		{869CC12F-DA3F-4371-A1AF-6481CA28F6AA}.Debug|Any CPU.ActiveCfg = Debug|Any CPU
		{869CC12F-DA3F-4371-A1AF-6481CA28F6AA}.Debug|Any CPU.Build.0 = Debug|Any CPU
		{869CC12F-DA3F-4371-A1AF-6481CA28F6AA}.Release|Any CPU.ActiveCfg = Release|Any CPU
		{869CC12F-DA3F-4371-A1AF-6481CA28F6AA}.Release|Any CPU.Build.0 = Release|Any CPU
		{D42A983B-8B9B-490A-93FE-3F071E2AD1B1}.Debug|Any CPU.ActiveCfg = Debug|Any CPU
		{D42A983B-8B9B-490A-93FE-3F071E2AD1B1}.Debug|Any CPU.Build.0 = Debug|Any CPU
		{D42A983B-8B9B-490A-93FE-3F071E2AD1B1}.Release|Any CPU.ActiveCfg = Release|Any CPU
		{D42A983B-8B9B-490A-93FE-3F071E2AD1B1}.Release|Any CPU.Build.0 = Release|Any CPU
	EndGlobalSection
	GlobalSection(SolutionProperties) = preSolution
		HideSolutionNode = FALSE
	EndGlobalSection
EndGlobal
