
Microsoft Visual Studio Solution File, Format Version 12.00
# Visual Studio 2013
VisualStudioVersion = 12.0.31101.0
MinimumVisualStudioVersion = 10.0.40219.1
Project("{FAE04EC0-301F-11D3-BF4B-00C04F79EFBC}") = "01.SubstringExtensions", "01.SubstringExtensions\01.SubstringExtensions.csproj", "{6813DE1C-AE2A-4773-8A66-C10FCC8A1E05}"
EndProject
Project("{FAE04EC0-301F-11D3-BF4B-00C04F79EFBC}") = "02.CustomLinqExtensionMethods", "02.CustomLinqExtensionMethods\02.CustomLinqExtensionMethods.csproj", "{A14C6E07-795E-476C-99E9-C45F17098075}"
EndProject
Project("{FAE04EC0-301F-11D3-BF4B-00C04F79EFBC}") = "03-14.OperationsWithLinq", "03-14.OperationsWithLinq\03-14.OperationsWithLinq.csproj", "{0B5112D5-1499-41BC-A654-4E681D73A42B}"
EndProject
Project("{FAE04EC0-301F-11D3-BF4B-00C04F79EFBC}") = "15.LinqToExcel", "15.LinqToExcel\15.LinqToExcel.csproj", "{41C6AE32-29DE-43FB-8AA0-FD72EF8DA5FB}"
EndProject
Global
	GlobalSection(SolutionConfigurationPlatforms) = preSolution
		Debug|Any CPU = Debug|Any CPU
		Release|Any CPU = Release|Any CPU
	EndGlobalSection
	GlobalSection(ProjectConfigurationPlatforms) = postSolution
		{6813DE1C-AE2A-4773-8A66-C10FCC8A1E05}.Debug|Any CPU.ActiveCfg = Debug|Any CPU
		{6813DE1C-AE2A-4773-8A66-C10FCC8A1E05}.Debug|Any CPU.Build.0 = Debug|Any CPU
		{6813DE1C-AE2A-4773-8A66-C10FCC8A1E05}.Release|Any CPU.ActiveCfg = Release|Any CPU
		{6813DE1C-AE2A-4773-8A66-C10FCC8A1E05}.Release|Any CPU.Build.0 = Release|Any CPU
		{A14C6E07-795E-476C-99E9-C45F17098075}.Debug|Any CPU.ActiveCfg = Debug|Any CPU
		{A14C6E07-795E-476C-99E9-C45F17098075}.Debug|Any CPU.Build.0 = Debug|Any CPU
		{A14C6E07-795E-476C-99E9-C45F17098075}.Release|Any CPU.ActiveCfg = Release|Any CPU
		{A14C6E07-795E-476C-99E9-C45F17098075}.Release|Any CPU.Build.0 = Release|Any CPU
		{0B5112D5-1499-41BC-A654-4E681D73A42B}.Debug|Any CPU.ActiveCfg = Debug|Any CPU
		{0B5112D5-1499-41BC-A654-4E681D73A42B}.Debug|Any CPU.Build.0 = Debug|Any CPU
		{0B5112D5-1499-41BC-A654-4E681D73A42B}.Release|Any CPU.ActiveCfg = Release|Any CPU
		{0B5112D5-1499-41BC-A654-4E681D73A42B}.Release|Any CPU.Build.0 = Release|Any CPU
		{41C6AE32-29DE-43FB-8AA0-FD72EF8DA5FB}.Debug|Any CPU.ActiveCfg = Debug|Any CPU
		{41C6AE32-29DE-43FB-8AA0-FD72EF8DA5FB}.Debug|Any CPU.Build.0 = Debug|Any CPU
		{41C6AE32-29DE-43FB-8AA0-FD72EF8DA5FB}.Release|Any CPU.ActiveCfg = Release|Any CPU
		{41C6AE32-29DE-43FB-8AA0-FD72EF8DA5FB}.Release|Any CPU.Build.0 = Release|Any CPU
	EndGlobalSection
	GlobalSection(SolutionProperties) = preSolution
		HideSolutionNode = FALSE
	EndGlobalSection
EndGlobal
