
Microsoft Visual Studio Solution File, Format Version 12.00
# Visual Studio 2013
VisualStudioVersion = 12.0.21005.1
MinimumVisualStudioVersion = 10.0.40219.1
Project("{FAE04EC0-301F-11D3-BF4B-00C04F79EFBC}") = "01.2-4-8", "01.2-4-8\01.2-4-8.csproj", "{96D4131F-149B-43C4-B7C8-7F2B692BEA58}"
EndProject
Project("{FAE04EC0-301F-11D3-BF4B-00C04F79EFBC}") = "02.NightmareOnCodeStreet", "02.NightmareOnCodeStreet\02.NightmareOnCodeStreet.csproj", "{C5E65B56-F5B0-49DA-A89D-40CAAC1E98E9}"
EndProject
Project("{FAE04EC0-301F-11D3-BF4B-00C04F79EFBC}") = "03.Enigmanation", "03.Enigmanation\03.Enigmanation.csproj", "{7384BA33-8F41-492D-8EA7-5266B9F8635E}"
EndProject
Project("{FAE04EC0-301F-11D3-BF4B-00C04F79EFBC}") = "04.KaspichaniaBoats", "04.KaspichaniaBoats\04.KaspichaniaBoats.csproj", "{6D1BD596-E4C9-493B-B70F-F2038ECFA379}"
EndProject
Project("{FAE04EC0-301F-11D3-BF4B-00C04F79EFBC}") = "05.GameOfPage", "05.GameOfPage\05.GameOfPage.csproj", "{7DA708A0-586E-4F61-8922-7CB3DE3B1FD1}"
EndProject
Global
	GlobalSection(SolutionConfigurationPlatforms) = preSolution
		Debug|Any CPU = Debug|Any CPU
		Release|Any CPU = Release|Any CPU
	EndGlobalSection
	GlobalSection(ProjectConfigurationPlatforms) = postSolution
		{96D4131F-149B-43C4-B7C8-7F2B692BEA58}.Debug|Any CPU.ActiveCfg = Debug|Any CPU
		{96D4131F-149B-43C4-B7C8-7F2B692BEA58}.Debug|Any CPU.Build.0 = Debug|Any CPU
		{96D4131F-149B-43C4-B7C8-7F2B692BEA58}.Release|Any CPU.ActiveCfg = Release|Any CPU
		{96D4131F-149B-43C4-B7C8-7F2B692BEA58}.Release|Any CPU.Build.0 = Release|Any CPU
		{C5E65B56-F5B0-49DA-A89D-40CAAC1E98E9}.Debug|Any CPU.ActiveCfg = Debug|Any CPU
		{C5E65B56-F5B0-49DA-A89D-40CAAC1E98E9}.Debug|Any CPU.Build.0 = Debug|Any CPU
		{C5E65B56-F5B0-49DA-A89D-40CAAC1E98E9}.Release|Any CPU.ActiveCfg = Release|Any CPU
		{C5E65B56-F5B0-49DA-A89D-40CAAC1E98E9}.Release|Any CPU.Build.0 = Release|Any CPU
		{7384BA33-8F41-492D-8EA7-5266B9F8635E}.Debug|Any CPU.ActiveCfg = Debug|Any CPU
		{7384BA33-8F41-492D-8EA7-5266B9F8635E}.Debug|Any CPU.Build.0 = Debug|Any CPU
		{7384BA33-8F41-492D-8EA7-5266B9F8635E}.Release|Any CPU.ActiveCfg = Release|Any CPU
		{7384BA33-8F41-492D-8EA7-5266B9F8635E}.Release|Any CPU.Build.0 = Release|Any CPU
		{6D1BD596-E4C9-493B-B70F-F2038ECFA379}.Debug|Any CPU.ActiveCfg = Debug|Any CPU
		{6D1BD596-E4C9-493B-B70F-F2038ECFA379}.Debug|Any CPU.Build.0 = Debug|Any CPU
		{6D1BD596-E4C9-493B-B70F-F2038ECFA379}.Release|Any CPU.ActiveCfg = Release|Any CPU
		{6D1BD596-E4C9-493B-B70F-F2038ECFA379}.Release|Any CPU.Build.0 = Release|Any CPU
		{7DA708A0-586E-4F61-8922-7CB3DE3B1FD1}.Debug|Any CPU.ActiveCfg = Debug|Any CPU
		{7DA708A0-586E-4F61-8922-7CB3DE3B1FD1}.Debug|Any CPU.Build.0 = Debug|Any CPU
		{7DA708A0-586E-4F61-8922-7CB3DE3B1FD1}.Release|Any CPU.ActiveCfg = Release|Any CPU
		{7DA708A0-586E-4F61-8922-7CB3DE3B1FD1}.Release|Any CPU.Build.0 = Release|Any CPU
	EndGlobalSection
	GlobalSection(SolutionProperties) = preSolution
		HideSolutionNode = FALSE
	EndGlobalSection
EndGlobal
