
Microsoft Visual Studio Solution File, Format Version 12.00
# Visual Studio 2013
VisualStudioVersion = 12.0.31101.0
MinimumVisualStudioVersion = 10.0.40219.1
Project("{9092AA53-FB77-4645-B42D-1CCCA6BD08BD}") = "01.DoubleRakiyaNumbers", "01.DoubleRakiyaNumbers\01.DoubleRakiyaNumbers.njsproj", "{1C4CEF75-7C9B-435F-A049-B8C3A4CC8D0A}"
EndProject
Project("{9092AA53-FB77-4645-B42D-1CCCA6BD08BD}") = "02.StringMatrixRotation", "02.StringMatrixRotation\02.StringMatrixRotation.njsproj", "{DD4D1C76-7D45-49D9-AB75-62C9BA66BA5E}"
EndProject
Project("{9092AA53-FB77-4645-B42D-1CCCA6BD08BD}") = "03.SortTable", "03.SortTable\03.SortTable.njsproj", "{4363BB43-FA40-46E7-859B-84074A63E382}"
EndProject
Project("{9092AA53-FB77-4645-B42D-1CCCA6BD08BD}") = "04.SoccerResults", "04.SoccerResults\04.SoccerResults.njsproj", "{1C5CA68D-443C-461E-9B42-C14945C1FEA5}"
EndProject
Global
	GlobalSection(SolutionConfigurationPlatforms) = preSolution
		Debug|Any CPU = Debug|Any CPU
		Release|Any CPU = Release|Any CPU
	EndGlobalSection
	GlobalSection(ProjectConfigurationPlatforms) = postSolution
		{1C4CEF75-7C9B-435F-A049-B8C3A4CC8D0A}.Debug|Any CPU.ActiveCfg = Debug|Any CPU
		{1C4CEF75-7C9B-435F-A049-B8C3A4CC8D0A}.Debug|Any CPU.Build.0 = Debug|Any CPU
		{1C4CEF75-7C9B-435F-A049-B8C3A4CC8D0A}.Release|Any CPU.ActiveCfg = Release|Any CPU
		{1C4CEF75-7C9B-435F-A049-B8C3A4CC8D0A}.Release|Any CPU.Build.0 = Release|Any CPU
		{DD4D1C76-7D45-49D9-AB75-62C9BA66BA5E}.Debug|Any CPU.ActiveCfg = Debug|Any CPU
		{DD4D1C76-7D45-49D9-AB75-62C9BA66BA5E}.Debug|Any CPU.Build.0 = Debug|Any CPU
		{DD4D1C76-7D45-49D9-AB75-62C9BA66BA5E}.Release|Any CPU.ActiveCfg = Release|Any CPU
		{DD4D1C76-7D45-49D9-AB75-62C9BA66BA5E}.Release|Any CPU.Build.0 = Release|Any CPU
		{4363BB43-FA40-46E7-859B-84074A63E382}.Debug|Any CPU.ActiveCfg = Debug|Any CPU
		{4363BB43-FA40-46E7-859B-84074A63E382}.Debug|Any CPU.Build.0 = Debug|Any CPU
		{4363BB43-FA40-46E7-859B-84074A63E382}.Release|Any CPU.ActiveCfg = Release|Any CPU
		{4363BB43-FA40-46E7-859B-84074A63E382}.Release|Any CPU.Build.0 = Release|Any CPU
		{1C5CA68D-443C-461E-9B42-C14945C1FEA5}.Debug|Any CPU.ActiveCfg = Debug|Any CPU
		{1C5CA68D-443C-461E-9B42-C14945C1FEA5}.Debug|Any CPU.Build.0 = Debug|Any CPU
		{1C5CA68D-443C-461E-9B42-C14945C1FEA5}.Release|Any CPU.ActiveCfg = Release|Any CPU
		{1C5CA68D-443C-461E-9B42-C14945C1FEA5}.Release|Any CPU.Build.0 = Release|Any CPU
	EndGlobalSection
	GlobalSection(SolutionProperties) = preSolution
		HideSolutionNode = FALSE
	EndGlobalSection
EndGlobal
