
Microsoft Visual Studio Solution File, Format Version 12.00
# Visual Studio 2013
VisualStudioVersion = 12.0.21005.1
MinimumVisualStudioVersion = 10.0.40219.1
Project("{FAE04EC0-301F-11D3-BF4B-00C04F79EFBC}") = "04.HelloWorld", "04.HelloWorld\04.HelloWorld.csproj", "{D5CE1F4C-0563-4BD8-8C43-EFFDFD31494D}"
EndProject
Project("{FAE04EC0-301F-11D3-BF4B-00C04F79EFBC}") = "05.PrintMyName", "05.PrintMyName\05.PrintMyName.csproj", "{44029D48-A860-4AE6-B45C-E024FAF1765D}"
EndProject
Project("{FAE04EC0-301F-11D3-BF4B-00C04F79EFBC}") = "06.PrintNumbers", "06.PrintNumbers\06.PrintNumbers.csproj", "{E66C4EE4-C94E-4565-95A7-B7AC578E269C}"
EndProject
Project("{FAE04EC0-301F-11D3-BF4B-00C04F79EFBC}") = "08.SquareRoot", "08.SquareRoot\08.SquareRoot.csproj", "{60847F5D-D263-4FD6-B6FD-2DBE797DC360}"
EndProject
Project("{FAE04EC0-301F-11D3-BF4B-00C04F79EFBC}") = "07.PrintFirstLastName", "07.PrintFirstLastName\07.PrintFirstLastName.csproj", "{21D2DB0E-C8A2-4A3A-8F0B-8C8F916DE977}"
EndProject
Project("{FAE04EC0-301F-11D3-BF4B-00C04F79EFBC}") = "09.PrintSqnc", "09.PrintSqnc\09.PrintSqnc.csproj", "{3CEBDE93-3DE4-444C-9C97-9ACC82430A3F}"
EndProject
Project("{FAE04EC0-301F-11D3-BF4B-00C04F79EFBC}") = "10.HorribleCode", "10.HorribleCode\10.HorribleCode.csproj", "{68F7A42C-F65E-443B-BB51-0AD46718283B}"
EndProject
Project("{FAE04EC0-301F-11D3-BF4B-00C04F79EFBC}") = "14.CurrentDateAndTime", "14.CurrentDateAndTime\14.CurrentDateAndTime.csproj", "{6E81D58D-4CD7-46B5-8FD0-1A1FED36FB2C}"
EndProject
Project("{FAE04EC0-301F-11D3-BF4B-00C04F79EFBC}") = "15.AgeAfter10Years", "15.AgeAfter10Years\15.AgeAfter10Years.csproj", "{71B0C108-F584-44DC-AF35-91F3C54C882D}"
EndProject
Project("{FAE04EC0-301F-11D3-BF4B-00C04F79EFBC}") = "16.PrintLongSqnc", "16.PrintLongSqnc\16.PrintLongSqnc.csproj", "{A13950D4-76E1-4C70-8BDB-CA5D9B8820CB}"
EndProject
Global
	GlobalSection(SolutionConfigurationPlatforms) = preSolution
		Debug|Any CPU = Debug|Any CPU
		Release|Any CPU = Release|Any CPU
	EndGlobalSection
	GlobalSection(ProjectConfigurationPlatforms) = postSolution
		{D5CE1F4C-0563-4BD8-8C43-EFFDFD31494D}.Debug|Any CPU.ActiveCfg = Debug|Any CPU
		{D5CE1F4C-0563-4BD8-8C43-EFFDFD31494D}.Debug|Any CPU.Build.0 = Debug|Any CPU
		{D5CE1F4C-0563-4BD8-8C43-EFFDFD31494D}.Release|Any CPU.ActiveCfg = Release|Any CPU
		{D5CE1F4C-0563-4BD8-8C43-EFFDFD31494D}.Release|Any CPU.Build.0 = Release|Any CPU
		{44029D48-A860-4AE6-B45C-E024FAF1765D}.Debug|Any CPU.ActiveCfg = Debug|Any CPU
		{44029D48-A860-4AE6-B45C-E024FAF1765D}.Debug|Any CPU.Build.0 = Debug|Any CPU
		{44029D48-A860-4AE6-B45C-E024FAF1765D}.Release|Any CPU.ActiveCfg = Release|Any CPU
		{44029D48-A860-4AE6-B45C-E024FAF1765D}.Release|Any CPU.Build.0 = Release|Any CPU
		{E66C4EE4-C94E-4565-95A7-B7AC578E269C}.Debug|Any CPU.ActiveCfg = Debug|Any CPU
		{E66C4EE4-C94E-4565-95A7-B7AC578E269C}.Debug|Any CPU.Build.0 = Debug|Any CPU
		{E66C4EE4-C94E-4565-95A7-B7AC578E269C}.Release|Any CPU.ActiveCfg = Release|Any CPU
		{E66C4EE4-C94E-4565-95A7-B7AC578E269C}.Release|Any CPU.Build.0 = Release|Any CPU
		{60847F5D-D263-4FD6-B6FD-2DBE797DC360}.Debug|Any CPU.ActiveCfg = Debug|Any CPU
		{60847F5D-D263-4FD6-B6FD-2DBE797DC360}.Debug|Any CPU.Build.0 = Debug|Any CPU
		{60847F5D-D263-4FD6-B6FD-2DBE797DC360}.Release|Any CPU.ActiveCfg = Release|Any CPU
		{60847F5D-D263-4FD6-B6FD-2DBE797DC360}.Release|Any CPU.Build.0 = Release|Any CPU
		{21D2DB0E-C8A2-4A3A-8F0B-8C8F916DE977}.Debug|Any CPU.ActiveCfg = Debug|Any CPU
		{21D2DB0E-C8A2-4A3A-8F0B-8C8F916DE977}.Debug|Any CPU.Build.0 = Debug|Any CPU
		{21D2DB0E-C8A2-4A3A-8F0B-8C8F916DE977}.Release|Any CPU.ActiveCfg = Release|Any CPU
		{21D2DB0E-C8A2-4A3A-8F0B-8C8F916DE977}.Release|Any CPU.Build.0 = Release|Any CPU
		{3CEBDE93-3DE4-444C-9C97-9ACC82430A3F}.Debug|Any CPU.ActiveCfg = Debug|Any CPU
		{3CEBDE93-3DE4-444C-9C97-9ACC82430A3F}.Debug|Any CPU.Build.0 = Debug|Any CPU
		{3CEBDE93-3DE4-444C-9C97-9ACC82430A3F}.Release|Any CPU.ActiveCfg = Release|Any CPU
		{3CEBDE93-3DE4-444C-9C97-9ACC82430A3F}.Release|Any CPU.Build.0 = Release|Any CPU
		{68F7A42C-F65E-443B-BB51-0AD46718283B}.Debug|Any CPU.ActiveCfg = Debug|Any CPU
		{68F7A42C-F65E-443B-BB51-0AD46718283B}.Debug|Any CPU.Build.0 = Debug|Any CPU
		{68F7A42C-F65E-443B-BB51-0AD46718283B}.Release|Any CPU.ActiveCfg = Release|Any CPU
		{68F7A42C-F65E-443B-BB51-0AD46718283B}.Release|Any CPU.Build.0 = Release|Any CPU
		{6E81D58D-4CD7-46B5-8FD0-1A1FED36FB2C}.Debug|Any CPU.ActiveCfg = Debug|Any CPU
		{6E81D58D-4CD7-46B5-8FD0-1A1FED36FB2C}.Debug|Any CPU.Build.0 = Debug|Any CPU
		{6E81D58D-4CD7-46B5-8FD0-1A1FED36FB2C}.Release|Any CPU.ActiveCfg = Release|Any CPU
		{6E81D58D-4CD7-46B5-8FD0-1A1FED36FB2C}.Release|Any CPU.Build.0 = Release|Any CPU
		{71B0C108-F584-44DC-AF35-91F3C54C882D}.Debug|Any CPU.ActiveCfg = Debug|Any CPU
		{71B0C108-F584-44DC-AF35-91F3C54C882D}.Debug|Any CPU.Build.0 = Debug|Any CPU
		{71B0C108-F584-44DC-AF35-91F3C54C882D}.Release|Any CPU.ActiveCfg = Release|Any CPU
		{71B0C108-F584-44DC-AF35-91F3C54C882D}.Release|Any CPU.Build.0 = Release|Any CPU
		{A13950D4-76E1-4C70-8BDB-CA5D9B8820CB}.Debug|Any CPU.ActiveCfg = Debug|Any CPU
		{A13950D4-76E1-4C70-8BDB-CA5D9B8820CB}.Debug|Any CPU.Build.0 = Debug|Any CPU
		{A13950D4-76E1-4C70-8BDB-CA5D9B8820CB}.Release|Any CPU.ActiveCfg = Release|Any CPU
		{A13950D4-76E1-4C70-8BDB-CA5D9B8820CB}.Release|Any CPU.Build.0 = Release|Any CPU
	EndGlobalSection
	GlobalSection(SolutionProperties) = preSolution
		HideSolutionNode = FALSE
	EndGlobalSection
EndGlobal
