
Microsoft Visual Studio Solution File, Format Version 12.00
# Visual Studio 2013
VisualStudioVersion = 12.0.21005.1
MinimumVisualStudioVersion = 10.0.40219.1
Project("{FAE04EC0-301F-11D3-BF4B-00C04F79EFBC}") = "01.JoroTheFootballPlayer", "01.JoroTheFootballPlayer\01.JoroTheFootballPlayer.csproj", "{9C979230-53F0-4EA2-A561-5C3A35060FB8}"
EndProject
Project("{FAE04EC0-301F-11D3-BF4B-00C04F79EFBC}") = "02.HalfSum", "02.HalfSum\02.HalfSum.csproj", "{2528CC38-4452-4422-9C7E-1427E636A4A9}"
EndProject
Project("{FAE04EC0-301F-11D3-BF4B-00C04F79EFBC}") = "03.Sunglasses", "03.Sunglasses\03.Sunglasses.csproj", "{7DD39006-B32D-435A-8198-5CD349E3A6D8}"
EndProject
Project("{FAE04EC0-301F-11D3-BF4B-00C04F79EFBC}") = "04.NineDigitMagicNums", "04.NineDigitMagicNums\04.NineDigitMagicNums.csproj", "{3A663FE3-A42A-49A4-9DEF-5E6081D37821}"
EndProject
Project("{FAE04EC0-301F-11D3-BF4B-00C04F79EFBC}") = "05.BitsInverter", "05.BitsInverter\05.BitsInverter.csproj", "{7623EE2E-F6A9-455F-B90F-1CE9F1AA01F6}"
EndProject
Global
	GlobalSection(SolutionConfigurationPlatforms) = preSolution
		Debug|Any CPU = Debug|Any CPU
		Release|Any CPU = Release|Any CPU
	EndGlobalSection
	GlobalSection(ProjectConfigurationPlatforms) = postSolution
		{9C979230-53F0-4EA2-A561-5C3A35060FB8}.Debug|Any CPU.ActiveCfg = Debug|Any CPU
		{9C979230-53F0-4EA2-A561-5C3A35060FB8}.Debug|Any CPU.Build.0 = Debug|Any CPU
		{9C979230-53F0-4EA2-A561-5C3A35060FB8}.Release|Any CPU.ActiveCfg = Release|Any CPU
		{9C979230-53F0-4EA2-A561-5C3A35060FB8}.Release|Any CPU.Build.0 = Release|Any CPU
		{2528CC38-4452-4422-9C7E-1427E636A4A9}.Debug|Any CPU.ActiveCfg = Debug|Any CPU
		{2528CC38-4452-4422-9C7E-1427E636A4A9}.Debug|Any CPU.Build.0 = Debug|Any CPU
		{2528CC38-4452-4422-9C7E-1427E636A4A9}.Release|Any CPU.ActiveCfg = Release|Any CPU
		{2528CC38-4452-4422-9C7E-1427E636A4A9}.Release|Any CPU.Build.0 = Release|Any CPU
		{7DD39006-B32D-435A-8198-5CD349E3A6D8}.Debug|Any CPU.ActiveCfg = Debug|Any CPU
		{7DD39006-B32D-435A-8198-5CD349E3A6D8}.Debug|Any CPU.Build.0 = Debug|Any CPU
		{7DD39006-B32D-435A-8198-5CD349E3A6D8}.Release|Any CPU.ActiveCfg = Release|Any CPU
		{7DD39006-B32D-435A-8198-5CD349E3A6D8}.Release|Any CPU.Build.0 = Release|Any CPU
		{3A663FE3-A42A-49A4-9DEF-5E6081D37821}.Debug|Any CPU.ActiveCfg = Debug|Any CPU
		{3A663FE3-A42A-49A4-9DEF-5E6081D37821}.Debug|Any CPU.Build.0 = Debug|Any CPU
		{3A663FE3-A42A-49A4-9DEF-5E6081D37821}.Release|Any CPU.ActiveCfg = Release|Any CPU
		{3A663FE3-A42A-49A4-9DEF-5E6081D37821}.Release|Any CPU.Build.0 = Release|Any CPU
		{7623EE2E-F6A9-455F-B90F-1CE9F1AA01F6}.Debug|Any CPU.ActiveCfg = Debug|Any CPU
		{7623EE2E-F6A9-455F-B90F-1CE9F1AA01F6}.Debug|Any CPU.Build.0 = Debug|Any CPU
		{7623EE2E-F6A9-455F-B90F-1CE9F1AA01F6}.Release|Any CPU.ActiveCfg = Release|Any CPU
		{7623EE2E-F6A9-455F-B90F-1CE9F1AA01F6}.Release|Any CPU.Build.0 = Release|Any CPU
	EndGlobalSection
	GlobalSection(SolutionProperties) = preSolution
		HideSolutionNode = FALSE
	EndGlobalSection
EndGlobal
