
Microsoft Visual Studio Solution File, Format Version 12.00
# Visual Studio 2013
VisualStudioVersion = 12.0.21005.1
MinimumVisualStudioVersion = 10.0.40219.1
Project("{FAE04EC0-301F-11D3-BF4B-00C04F79EFBC}") = "01.CoffeeMachine", "01.CoffeeMachine\01.CoffeeMachine.csproj", "{6E72F94C-E546-40DE-BBC6-B5935C32F087}"
EndProject
Project("{FAE04EC0-301F-11D3-BF4B-00C04F79EFBC}") = "02.DrunkenNumbers", "02.DrunkenNumbers\02.DrunkenNumbers.csproj", "{B7306F0E-23E1-426C-863D-4A8AC4079074}"
EndProject
Project("{FAE04EC0-301F-11D3-BF4B-00C04F79EFBC}") = "03.BullsAndCows", "03.BullsAndCows\03.BullsAndCows.csproj", "{E5C6B2DC-30AF-4B5A-A229-2F8D81DB64A5}"
EndProject
Project("{FAE04EC0-301F-11D3-BF4B-00C04F79EFBC}") = "04.Fire", "04.Fire\04.Fire.csproj", "{A001C698-F405-483E-B975-B94B8E1B8CFC}"
EndProject
Project("{FAE04EC0-301F-11D3-BF4B-00C04F79EFBC}") = "05.Neurons", "05.Neurons\05.Neurons.csproj", "{0E6C9AD9-2A14-44B2-9EA3-90393EFE948B}"
EndProject
Global
	GlobalSection(SolutionConfigurationPlatforms) = preSolution
		Debug|Any CPU = Debug|Any CPU
		Release|Any CPU = Release|Any CPU
	EndGlobalSection
	GlobalSection(ProjectConfigurationPlatforms) = postSolution
		{6E72F94C-E546-40DE-BBC6-B5935C32F087}.Debug|Any CPU.ActiveCfg = Debug|Any CPU
		{6E72F94C-E546-40DE-BBC6-B5935C32F087}.Debug|Any CPU.Build.0 = Debug|Any CPU
		{6E72F94C-E546-40DE-BBC6-B5935C32F087}.Release|Any CPU.ActiveCfg = Release|Any CPU
		{6E72F94C-E546-40DE-BBC6-B5935C32F087}.Release|Any CPU.Build.0 = Release|Any CPU
		{B7306F0E-23E1-426C-863D-4A8AC4079074}.Debug|Any CPU.ActiveCfg = Debug|Any CPU
		{B7306F0E-23E1-426C-863D-4A8AC4079074}.Debug|Any CPU.Build.0 = Debug|Any CPU
		{B7306F0E-23E1-426C-863D-4A8AC4079074}.Release|Any CPU.ActiveCfg = Release|Any CPU
		{B7306F0E-23E1-426C-863D-4A8AC4079074}.Release|Any CPU.Build.0 = Release|Any CPU
		{E5C6B2DC-30AF-4B5A-A229-2F8D81DB64A5}.Debug|Any CPU.ActiveCfg = Debug|Any CPU
		{E5C6B2DC-30AF-4B5A-A229-2F8D81DB64A5}.Debug|Any CPU.Build.0 = Debug|Any CPU
		{E5C6B2DC-30AF-4B5A-A229-2F8D81DB64A5}.Release|Any CPU.ActiveCfg = Release|Any CPU
		{E5C6B2DC-30AF-4B5A-A229-2F8D81DB64A5}.Release|Any CPU.Build.0 = Release|Any CPU
		{A001C698-F405-483E-B975-B94B8E1B8CFC}.Debug|Any CPU.ActiveCfg = Debug|Any CPU
		{A001C698-F405-483E-B975-B94B8E1B8CFC}.Debug|Any CPU.Build.0 = Debug|Any CPU
		{A001C698-F405-483E-B975-B94B8E1B8CFC}.Release|Any CPU.ActiveCfg = Release|Any CPU
		{A001C698-F405-483E-B975-B94B8E1B8CFC}.Release|Any CPU.Build.0 = Release|Any CPU
		{0E6C9AD9-2A14-44B2-9EA3-90393EFE948B}.Debug|Any CPU.ActiveCfg = Debug|Any CPU
		{0E6C9AD9-2A14-44B2-9EA3-90393EFE948B}.Debug|Any CPU.Build.0 = Debug|Any CPU
		{0E6C9AD9-2A14-44B2-9EA3-90393EFE948B}.Release|Any CPU.ActiveCfg = Release|Any CPU
		{0E6C9AD9-2A14-44B2-9EA3-90393EFE948B}.Release|Any CPU.Build.0 = Release|Any CPU
	EndGlobalSection
	GlobalSection(SolutionProperties) = preSolution
		HideSolutionNode = FALSE
	EndGlobalSection
EndGlobal
