
Microsoft Visual Studio Solution File, Format Version 12.00
# Visual Studio 2013
VisualStudioVersion = 12.0.31101.0
MinimumVisualStudioVersion = 10.0.40219.1
Project("{FAE04EC0-301F-11D3-BF4B-00C04F79EFBC}") = "01.FillMatrices", "01.FillMatrices\01.FillMatrices.csproj", "{CCCB3C3C-BF3A-43EC-A374-3A5EF227B1EF}"
EndProject
Project("{FAE04EC0-301F-11D3-BF4B-00C04F79EFBC}") = "02.FindMaxSumOfElementsInSquare", "02.FindMaxSumOfElementsInSquare\02.FindMaxSumOfElementsInSquare.csproj", "{D6A1C6CF-439D-45F0-92F2-DEFD790D2A2C}"
EndProject
Project("{FAE04EC0-301F-11D3-BF4B-00C04F79EFBC}") = "03.LongestSequenceOfEqualStrings", "03.LongestSequenceOfEqualStrings\03.LongestSequenceOfEqualStrings.csproj", "{B8DB798F-384E-4F41-A968-FCE8ED25734B}"
EndProject
Project("{FAE04EC0-301F-11D3-BF4B-00C04F79EFBC}") = "04.BinarySearchByCondition", "04.BinarySearchByCondition\04.BinarySearchByCondition.csproj", "{01C2DAC4-C684-4A4A-8E96-0602D0036EE7}"
EndProject
Project("{FAE04EC0-301F-11D3-BF4B-00C04F79EFBC}") = "05.SortArrayByCondition", "05.SortArrayByCondition\05.SortArrayByCondition.csproj", "{85838CB8-9DF4-4921-BF6E-42135E13A324}"
EndProject
Project("{FAE04EC0-301F-11D3-BF4B-00C04F79EFBC}") = "06.ClassMatrix", "06.ClassMatrix\06.ClassMatrix.csproj", "{51FFCFAB-F6EC-4DE5-8C0A-F92D222B384A}"
EndProject
Project("{FAE04EC0-301F-11D3-BF4B-00C04F79EFBC}") = "07.BreadthFirstSearch", "07.BreadthFirstSearch\07.BreadthFirstSearch.csproj", "{6AFB9CE2-FC46-428F-BCB2-CB039DD87DE0}"
EndProject
Global
	GlobalSection(SolutionConfigurationPlatforms) = preSolution
		Debug|Any CPU = Debug|Any CPU
		Release|Any CPU = Release|Any CPU
	EndGlobalSection
	GlobalSection(ProjectConfigurationPlatforms) = postSolution
		{CCCB3C3C-BF3A-43EC-A374-3A5EF227B1EF}.Debug|Any CPU.ActiveCfg = Debug|Any CPU
		{CCCB3C3C-BF3A-43EC-A374-3A5EF227B1EF}.Debug|Any CPU.Build.0 = Debug|Any CPU
		{CCCB3C3C-BF3A-43EC-A374-3A5EF227B1EF}.Release|Any CPU.ActiveCfg = Release|Any CPU
		{CCCB3C3C-BF3A-43EC-A374-3A5EF227B1EF}.Release|Any CPU.Build.0 = Release|Any CPU
		{D6A1C6CF-439D-45F0-92F2-DEFD790D2A2C}.Debug|Any CPU.ActiveCfg = Debug|Any CPU
		{D6A1C6CF-439D-45F0-92F2-DEFD790D2A2C}.Debug|Any CPU.Build.0 = Debug|Any CPU
		{D6A1C6CF-439D-45F0-92F2-DEFD790D2A2C}.Release|Any CPU.ActiveCfg = Release|Any CPU
		{D6A1C6CF-439D-45F0-92F2-DEFD790D2A2C}.Release|Any CPU.Build.0 = Release|Any CPU
		{B8DB798F-384E-4F41-A968-FCE8ED25734B}.Debug|Any CPU.ActiveCfg = Debug|Any CPU
		{B8DB798F-384E-4F41-A968-FCE8ED25734B}.Debug|Any CPU.Build.0 = Debug|Any CPU
		{B8DB798F-384E-4F41-A968-FCE8ED25734B}.Release|Any CPU.ActiveCfg = Release|Any CPU
		{B8DB798F-384E-4F41-A968-FCE8ED25734B}.Release|Any CPU.Build.0 = Release|Any CPU
		{01C2DAC4-C684-4A4A-8E96-0602D0036EE7}.Debug|Any CPU.ActiveCfg = Debug|Any CPU
		{01C2DAC4-C684-4A4A-8E96-0602D0036EE7}.Debug|Any CPU.Build.0 = Debug|Any CPU
		{01C2DAC4-C684-4A4A-8E96-0602D0036EE7}.Release|Any CPU.ActiveCfg = Release|Any CPU
		{01C2DAC4-C684-4A4A-8E96-0602D0036EE7}.Release|Any CPU.Build.0 = Release|Any CPU
		{85838CB8-9DF4-4921-BF6E-42135E13A324}.Debug|Any CPU.ActiveCfg = Debug|Any CPU
		{85838CB8-9DF4-4921-BF6E-42135E13A324}.Debug|Any CPU.Build.0 = Debug|Any CPU
		{85838CB8-9DF4-4921-BF6E-42135E13A324}.Release|Any CPU.ActiveCfg = Release|Any CPU
		{85838CB8-9DF4-4921-BF6E-42135E13A324}.Release|Any CPU.Build.0 = Release|Any CPU
		{51FFCFAB-F6EC-4DE5-8C0A-F92D222B384A}.Debug|Any CPU.ActiveCfg = Debug|Any CPU
		{51FFCFAB-F6EC-4DE5-8C0A-F92D222B384A}.Debug|Any CPU.Build.0 = Debug|Any CPU
		{51FFCFAB-F6EC-4DE5-8C0A-F92D222B384A}.Release|Any CPU.ActiveCfg = Release|Any CPU
		{51FFCFAB-F6EC-4DE5-8C0A-F92D222B384A}.Release|Any CPU.Build.0 = Release|Any CPU
		{6AFB9CE2-FC46-428F-BCB2-CB039DD87DE0}.Debug|Any CPU.ActiveCfg = Debug|Any CPU
		{6AFB9CE2-FC46-428F-BCB2-CB039DD87DE0}.Debug|Any CPU.Build.0 = Debug|Any CPU
		{6AFB9CE2-FC46-428F-BCB2-CB039DD87DE0}.Release|Any CPU.ActiveCfg = Release|Any CPU
		{6AFB9CE2-FC46-428F-BCB2-CB039DD87DE0}.Release|Any CPU.Build.0 = Release|Any CPU
	EndGlobalSection
	GlobalSection(SolutionProperties) = preSolution
		HideSolutionNode = FALSE
	EndGlobalSection
EndGlobal
