
Microsoft Visual Studio Solution File, Format Version 12.00
# Visual Studio 2013
VisualStudioVersion = 12.0.21005.1
MinimumVisualStudioVersion = 10.0.40219.1
Project("{FAE04EC0-301F-11D3-BF4B-00C04F79EFBC}") = "01.InsideTheBuilding", "01.InsideTheBuilding\01.InsideTheBuilding.csproj", "{2093D6B5-E96D-41FF-AD00-59A5AF043167}"
EndProject
Project("{FAE04EC0-301F-11D3-BF4B-00C04F79EFBC}") = "02.StudentCables", "02.StudentCables\02.StudentCables.csproj", "{EA4DD894-919E-4574-BDB8-AF926A2A8F83}"
EndProject
Project("{FAE04EC0-301F-11D3-BF4B-00C04F79EFBC}") = "03.ProgrammerDNA", "03.ProgrammerDNA\03.ProgrammerDNA.csproj", "{4E2CCE6E-F399-434E-9D32-E1311EAE36C1}"
EndProject
Project("{FAE04EC0-301F-11D3-BF4B-00C04F79EFBC}") = "04.MagicCarNumbers", "04.MagicCarNumbers\04.MagicCarNumbers.csproj", "{284C06BE-C1C6-4FE8-B50B-35A54A572631}"
EndProject
Project("{FAE04EC0-301F-11D3-BF4B-00C04F79EFBC}") = "05.BitFlipper", "05.BitFlipper\05.BitFlipper.csproj", "{67D5B76A-D8F6-491E-8F5E-F1D3D9A230BF}"
EndProject
Global
	GlobalSection(SolutionConfigurationPlatforms) = preSolution
		Debug|Any CPU = Debug|Any CPU
		Release|Any CPU = Release|Any CPU
	EndGlobalSection
	GlobalSection(ProjectConfigurationPlatforms) = postSolution
		{2093D6B5-E96D-41FF-AD00-59A5AF043167}.Debug|Any CPU.ActiveCfg = Debug|Any CPU
		{2093D6B5-E96D-41FF-AD00-59A5AF043167}.Debug|Any CPU.Build.0 = Debug|Any CPU
		{2093D6B5-E96D-41FF-AD00-59A5AF043167}.Release|Any CPU.ActiveCfg = Release|Any CPU
		{2093D6B5-E96D-41FF-AD00-59A5AF043167}.Release|Any CPU.Build.0 = Release|Any CPU
		{EA4DD894-919E-4574-BDB8-AF926A2A8F83}.Debug|Any CPU.ActiveCfg = Debug|Any CPU
		{EA4DD894-919E-4574-BDB8-AF926A2A8F83}.Debug|Any CPU.Build.0 = Debug|Any CPU
		{EA4DD894-919E-4574-BDB8-AF926A2A8F83}.Release|Any CPU.ActiveCfg = Release|Any CPU
		{EA4DD894-919E-4574-BDB8-AF926A2A8F83}.Release|Any CPU.Build.0 = Release|Any CPU
		{4E2CCE6E-F399-434E-9D32-E1311EAE36C1}.Debug|Any CPU.ActiveCfg = Debug|Any CPU
		{4E2CCE6E-F399-434E-9D32-E1311EAE36C1}.Debug|Any CPU.Build.0 = Debug|Any CPU
		{4E2CCE6E-F399-434E-9D32-E1311EAE36C1}.Release|Any CPU.ActiveCfg = Release|Any CPU
		{4E2CCE6E-F399-434E-9D32-E1311EAE36C1}.Release|Any CPU.Build.0 = Release|Any CPU
		{284C06BE-C1C6-4FE8-B50B-35A54A572631}.Debug|Any CPU.ActiveCfg = Debug|Any CPU
		{284C06BE-C1C6-4FE8-B50B-35A54A572631}.Debug|Any CPU.Build.0 = Debug|Any CPU
		{284C06BE-C1C6-4FE8-B50B-35A54A572631}.Release|Any CPU.ActiveCfg = Release|Any CPU
		{284C06BE-C1C6-4FE8-B50B-35A54A572631}.Release|Any CPU.Build.0 = Release|Any CPU
		{67D5B76A-D8F6-491E-8F5E-F1D3D9A230BF}.Debug|Any CPU.ActiveCfg = Debug|Any CPU
		{67D5B76A-D8F6-491E-8F5E-F1D3D9A230BF}.Debug|Any CPU.Build.0 = Debug|Any CPU
		{67D5B76A-D8F6-491E-8F5E-F1D3D9A230BF}.Release|Any CPU.ActiveCfg = Release|Any CPU
		{67D5B76A-D8F6-491E-8F5E-F1D3D9A230BF}.Release|Any CPU.Build.0 = Release|Any CPU
	EndGlobalSection
	GlobalSection(SolutionProperties) = preSolution
		HideSolutionNode = FALSE
	EndGlobalSection
EndGlobal
