
Microsoft Visual Studio Solution File, Format Version 12.00
# Visual Studio 2013
VisualStudioVersion = 12.0.21005.1
MinimumVisualStudioVersion = 10.0.40219.1
Project("{FAE04EC0-301F-11D3-BF4B-00C04F79EFBC}") = "01.WorkHours", "01.WorkHours\01.WorkHours.csproj", "{73758D1E-C1E0-4B12-A8DC-FB898912CDFA}"
EndProject
Project("{FAE04EC0-301F-11D3-BF4B-00C04F79EFBC}") = "02.SumOfElements", "02.SumOfElements\02.SumOfElements.csproj", "{A1AEA7CA-15D5-44B6-94EA-96CA42308401}"
EndProject
Project("{FAE04EC0-301F-11D3-BF4B-00C04F79EFBC}") = "03.TheExplorer", "03.TheExplorer\03.TheExplorer.csproj", "{B7CFE633-96A9-44F0-837A-E6FD04B741BB}"
EndProject
Project("{FAE04EC0-301F-11D3-BF4B-00C04F79EFBC}") = "04.MagicStrings", "04.MagicStrings\04.MagicStrings.csproj", "{29DAC8A4-5024-4E9E-8AD7-BFF478771ACD}"
EndProject
Project("{FAE04EC0-301F-11D3-BF4B-00C04F79EFBC}") = "05.BitSifting", "05.BitSifting\05.BitSifting.csproj", "{F6A34D6F-1C91-4071-9119-B83413AC358E}"
EndProject
Global
	GlobalSection(SolutionConfigurationPlatforms) = preSolution
		Debug|Any CPU = Debug|Any CPU
		Release|Any CPU = Release|Any CPU
	EndGlobalSection
	GlobalSection(ProjectConfigurationPlatforms) = postSolution
		{73758D1E-C1E0-4B12-A8DC-FB898912CDFA}.Debug|Any CPU.ActiveCfg = Debug|Any CPU
		{73758D1E-C1E0-4B12-A8DC-FB898912CDFA}.Debug|Any CPU.Build.0 = Debug|Any CPU
		{73758D1E-C1E0-4B12-A8DC-FB898912CDFA}.Release|Any CPU.ActiveCfg = Release|Any CPU
		{73758D1E-C1E0-4B12-A8DC-FB898912CDFA}.Release|Any CPU.Build.0 = Release|Any CPU
		{A1AEA7CA-15D5-44B6-94EA-96CA42308401}.Debug|Any CPU.ActiveCfg = Debug|Any CPU
		{A1AEA7CA-15D5-44B6-94EA-96CA42308401}.Debug|Any CPU.Build.0 = Debug|Any CPU
		{A1AEA7CA-15D5-44B6-94EA-96CA42308401}.Release|Any CPU.ActiveCfg = Release|Any CPU
		{A1AEA7CA-15D5-44B6-94EA-96CA42308401}.Release|Any CPU.Build.0 = Release|Any CPU
		{B7CFE633-96A9-44F0-837A-E6FD04B741BB}.Debug|Any CPU.ActiveCfg = Debug|Any CPU
		{B7CFE633-96A9-44F0-837A-E6FD04B741BB}.Debug|Any CPU.Build.0 = Debug|Any CPU
		{B7CFE633-96A9-44F0-837A-E6FD04B741BB}.Release|Any CPU.ActiveCfg = Release|Any CPU
		{B7CFE633-96A9-44F0-837A-E6FD04B741BB}.Release|Any CPU.Build.0 = Release|Any CPU
		{29DAC8A4-5024-4E9E-8AD7-BFF478771ACD}.Debug|Any CPU.ActiveCfg = Debug|Any CPU
		{29DAC8A4-5024-4E9E-8AD7-BFF478771ACD}.Debug|Any CPU.Build.0 = Debug|Any CPU
		{29DAC8A4-5024-4E9E-8AD7-BFF478771ACD}.Release|Any CPU.ActiveCfg = Release|Any CPU
		{29DAC8A4-5024-4E9E-8AD7-BFF478771ACD}.Release|Any CPU.Build.0 = Release|Any CPU
		{F6A34D6F-1C91-4071-9119-B83413AC358E}.Debug|Any CPU.ActiveCfg = Debug|Any CPU
		{F6A34D6F-1C91-4071-9119-B83413AC358E}.Debug|Any CPU.Build.0 = Debug|Any CPU
		{F6A34D6F-1C91-4071-9119-B83413AC358E}.Release|Any CPU.ActiveCfg = Release|Any CPU
		{F6A34D6F-1C91-4071-9119-B83413AC358E}.Release|Any CPU.Build.0 = Release|Any CPU
	EndGlobalSection
	GlobalSection(SolutionProperties) = preSolution
		HideSolutionNode = FALSE
	EndGlobalSection
EndGlobal
