
Microsoft Visual Studio Solution File, Format Version 12.00
# Visual Studio 2013
VisualStudioVersion = 12.0.31101.0
MinimumVisualStudioVersion = 10.0.40219.1
Project("{9092AA53-FB77-4645-B42D-1CCCA6BD08BD}") = "01.PricesTrends", "01.PricesTrends\01.PricesTrends.njsproj", "{C7DDFC74-BB34-4B5A-8499-BCC6F2CBAB90}"
EndProject
Project("{9092AA53-FB77-4645-B42D-1CCCA6BD08BD}") = "02.TetrisFigures", "02.TetrisFigures\02.TetrisFigures.njsproj", "{C5328565-278E-478D-BA9D-F03EDCC0CE34}"
EndProject
Project("{9092AA53-FB77-4645-B42D-1CCCA6BD08BD}") = "03.BiggestTableRow", "03.BiggestTableRow\03.BiggestTableRow.njsproj", "{9AE8BE22-3975-4449-A0E4-BB675692AF3B}"
EndProject
Project("{9092AA53-FB77-4645-B42D-1CCCA6BD08BD}") = "04.StudentsCoursesGrades", "04.StudentsCoursesGrades\04.StudentsCoursesGrades.njsproj", "{FEEC63C6-4BF4-4F8D-916D-31DDA428D5DA}"
EndProject
Global
	GlobalSection(SolutionConfigurationPlatforms) = preSolution
		Debug|Any CPU = Debug|Any CPU
		Release|Any CPU = Release|Any CPU
	EndGlobalSection
	GlobalSection(ProjectConfigurationPlatforms) = postSolution
		{C7DDFC74-BB34-4B5A-8499-BCC6F2CBAB90}.Debug|Any CPU.ActiveCfg = Debug|Any CPU
		{C7DDFC74-BB34-4B5A-8499-BCC6F2CBAB90}.Debug|Any CPU.Build.0 = Debug|Any CPU
		{C7DDFC74-BB34-4B5A-8499-BCC6F2CBAB90}.Release|Any CPU.ActiveCfg = Release|Any CPU
		{C7DDFC74-BB34-4B5A-8499-BCC6F2CBAB90}.Release|Any CPU.Build.0 = Release|Any CPU
		{C5328565-278E-478D-BA9D-F03EDCC0CE34}.Debug|Any CPU.ActiveCfg = Debug|Any CPU
		{C5328565-278E-478D-BA9D-F03EDCC0CE34}.Debug|Any CPU.Build.0 = Debug|Any CPU
		{C5328565-278E-478D-BA9D-F03EDCC0CE34}.Release|Any CPU.ActiveCfg = Release|Any CPU
		{C5328565-278E-478D-BA9D-F03EDCC0CE34}.Release|Any CPU.Build.0 = Release|Any CPU
		{9AE8BE22-3975-4449-A0E4-BB675692AF3B}.Debug|Any CPU.ActiveCfg = Debug|Any CPU
		{9AE8BE22-3975-4449-A0E4-BB675692AF3B}.Debug|Any CPU.Build.0 = Debug|Any CPU
		{9AE8BE22-3975-4449-A0E4-BB675692AF3B}.Release|Any CPU.ActiveCfg = Release|Any CPU
		{9AE8BE22-3975-4449-A0E4-BB675692AF3B}.Release|Any CPU.Build.0 = Release|Any CPU
		{FEEC63C6-4BF4-4F8D-916D-31DDA428D5DA}.Debug|Any CPU.ActiveCfg = Debug|Any CPU
		{FEEC63C6-4BF4-4F8D-916D-31DDA428D5DA}.Debug|Any CPU.Build.0 = Debug|Any CPU
		{FEEC63C6-4BF4-4F8D-916D-31DDA428D5DA}.Release|Any CPU.ActiveCfg = Release|Any CPU
		{FEEC63C6-4BF4-4F8D-916D-31DDA428D5DA}.Release|Any CPU.Build.0 = Release|Any CPU
	EndGlobalSection
	GlobalSection(SolutionProperties) = preSolution
		HideSolutionNode = FALSE
	EndGlobalSection
EndGlobal
