
Microsoft Visual Studio Solution File, Format Version 12.00
# Visual Studio 2013
VisualStudioVersion = 12.0.31101.0
MinimumVisualStudioVersion = 10.0.40219.1
Project("{FAE04EC0-301F-11D3-BF4B-00C04F79EFBC}") = "01.Point3D", "01.Point3D\01.Point3D.csproj", "{6FEDF51D-8E0C-4497-BA9D-48F4749E28DB}"
EndProject
Project("{FAE04EC0-301F-11D3-BF4B-00C04F79EFBC}") = "02.DistanceCalculator", "02.DistanceCalculator\02.DistanceCalculator.csproj", "{68499C22-99A7-4C97-9BD3-EA4D54808D50}"
EndProject
Project("{FAE04EC0-301F-11D3-BF4B-00C04F79EFBC}") = "03.Path3D", "03.Path3D\03.Path3D.csproj", "{4B8E0218-AB32-4002-90D5-DE772E051899}"
EndProject
Project("{FAE04EC0-301F-11D3-BF4B-00C04F79EFBC}") = "04.ElementBuilder", "04.ElementBuilder\04.ElementBuilder.csproj", "{372F8F95-2A70-44FA-893E-705EE0475536}"
EndProject
Project("{FAE04EC0-301F-11D3-BF4B-00C04F79EFBC}") = "05.BitArray", "05.BitArray\05.BitArray.csproj", "{3ABD8F20-48E4-4330-906F-B0081B8196E1}"
EndProject
Project("{FAE04EC0-301F-11D3-BF4B-00C04F79EFBC}") = "06.Namespaces", "06.Namespaces\06.Namespaces.csproj", "{ABC64F2E-96A3-418F-B113-90BC5ADD9891}"
EndProject
Project("{FAE04EC0-301F-11D3-BF4B-00C04F79EFBC}") = "Geometry", "Geometry\Geometry.csproj", "{B6542CE8-D97D-46F8-8605-C35DF1D12914}"
EndProject
Global
	GlobalSection(SolutionConfigurationPlatforms) = preSolution
		Debug|Any CPU = Debug|Any CPU
		Release|Any CPU = Release|Any CPU
	EndGlobalSection
	GlobalSection(ProjectConfigurationPlatforms) = postSolution
		{6FEDF51D-8E0C-4497-BA9D-48F4749E28DB}.Debug|Any CPU.ActiveCfg = Debug|Any CPU
		{6FEDF51D-8E0C-4497-BA9D-48F4749E28DB}.Debug|Any CPU.Build.0 = Debug|Any CPU
		{6FEDF51D-8E0C-4497-BA9D-48F4749E28DB}.Release|Any CPU.ActiveCfg = Release|Any CPU
		{6FEDF51D-8E0C-4497-BA9D-48F4749E28DB}.Release|Any CPU.Build.0 = Release|Any CPU
		{68499C22-99A7-4C97-9BD3-EA4D54808D50}.Debug|Any CPU.ActiveCfg = Debug|Any CPU
		{68499C22-99A7-4C97-9BD3-EA4D54808D50}.Debug|Any CPU.Build.0 = Debug|Any CPU
		{68499C22-99A7-4C97-9BD3-EA4D54808D50}.Release|Any CPU.ActiveCfg = Release|Any CPU
		{68499C22-99A7-4C97-9BD3-EA4D54808D50}.Release|Any CPU.Build.0 = Release|Any CPU
		{4B8E0218-AB32-4002-90D5-DE772E051899}.Debug|Any CPU.ActiveCfg = Debug|Any CPU
		{4B8E0218-AB32-4002-90D5-DE772E051899}.Debug|Any CPU.Build.0 = Debug|Any CPU
		{4B8E0218-AB32-4002-90D5-DE772E051899}.Release|Any CPU.ActiveCfg = Release|Any CPU
		{4B8E0218-AB32-4002-90D5-DE772E051899}.Release|Any CPU.Build.0 = Release|Any CPU
		{372F8F95-2A70-44FA-893E-705EE0475536}.Debug|Any CPU.ActiveCfg = Debug|Any CPU
		{372F8F95-2A70-44FA-893E-705EE0475536}.Debug|Any CPU.Build.0 = Debug|Any CPU
		{372F8F95-2A70-44FA-893E-705EE0475536}.Release|Any CPU.ActiveCfg = Release|Any CPU
		{372F8F95-2A70-44FA-893E-705EE0475536}.Release|Any CPU.Build.0 = Release|Any CPU
		{3ABD8F20-48E4-4330-906F-B0081B8196E1}.Debug|Any CPU.ActiveCfg = Debug|Any CPU
		{3ABD8F20-48E4-4330-906F-B0081B8196E1}.Debug|Any CPU.Build.0 = Debug|Any CPU
		{3ABD8F20-48E4-4330-906F-B0081B8196E1}.Release|Any CPU.ActiveCfg = Release|Any CPU
		{3ABD8F20-48E4-4330-906F-B0081B8196E1}.Release|Any CPU.Build.0 = Release|Any CPU
		{ABC64F2E-96A3-418F-B113-90BC5ADD9891}.Debug|Any CPU.ActiveCfg = Debug|Any CPU
		{ABC64F2E-96A3-418F-B113-90BC5ADD9891}.Debug|Any CPU.Build.0 = Debug|Any CPU
		{ABC64F2E-96A3-418F-B113-90BC5ADD9891}.Release|Any CPU.ActiveCfg = Release|Any CPU
		{ABC64F2E-96A3-418F-B113-90BC5ADD9891}.Release|Any CPU.Build.0 = Release|Any CPU
		{B6542CE8-D97D-46F8-8605-C35DF1D12914}.Debug|Any CPU.ActiveCfg = Debug|Any CPU
		{B6542CE8-D97D-46F8-8605-C35DF1D12914}.Debug|Any CPU.Build.0 = Debug|Any CPU
		{B6542CE8-D97D-46F8-8605-C35DF1D12914}.Release|Any CPU.ActiveCfg = Release|Any CPU
		{B6542CE8-D97D-46F8-8605-C35DF1D12914}.Release|Any CPU.Build.0 = Release|Any CPU
	EndGlobalSection
	GlobalSection(SolutionProperties) = preSolution
		HideSolutionNode = FALSE
	EndGlobalSection
EndGlobal
