
Microsoft Visual Studio Solution File, Format Version 12.00
# Visual Studio 2013
VisualStudioVersion = 12.0.21005.1
MinimumVisualStudioVersion = 10.0.40219.1
Project("{FAE04EC0-301F-11D3-BF4B-00C04F79EFBC}") = "01.Electricity", "01.Electricity\01.Electricity.csproj", "{FD0FB164-CDE4-4596-90AC-E67576BBBEE2}"
EndProject
Project("{FAE04EC0-301F-11D3-BF4B-00C04F79EFBC}") = "02.OddAndEvenJumps", "02.OddAndEvenJumps\02.OddAndEvenJumps.csproj", "{58D51F6C-FF86-4396-88B7-3721B64209D2}"
EndProject
Project("{FAE04EC0-301F-11D3-BF4B-00C04F79EFBC}") = "03.HouseWithWindow", "03.HouseWithWindow\03.HouseWithWindow.csproj", "{64135B6D-9377-4508-BFF3-66438D1F1A97}"
EndProject
Project("{FAE04EC0-301F-11D3-BF4B-00C04F79EFBC}") = "04.NakovsMatching", "04.NakovsMatching\04.NakovsMatching.csproj", "{78CE72B8-E02E-453F-B0A8-4AD2C70D7E61}"
EndProject
Project("{FAE04EC0-301F-11D3-BF4B-00C04F79EFBC}") = "05.ChangeEvenBits", "05.ChangeEvenBits\05.ChangeEvenBits.csproj", "{5B851875-7D82-4DC0-B6CB-87F29E21E630}"
EndProject
Global
	GlobalSection(SolutionConfigurationPlatforms) = preSolution
		Debug|Any CPU = Debug|Any CPU
		Release|Any CPU = Release|Any CPU
	EndGlobalSection
	GlobalSection(ProjectConfigurationPlatforms) = postSolution
		{FD0FB164-CDE4-4596-90AC-E67576BBBEE2}.Debug|Any CPU.ActiveCfg = Debug|Any CPU
		{FD0FB164-CDE4-4596-90AC-E67576BBBEE2}.Debug|Any CPU.Build.0 = Debug|Any CPU
		{FD0FB164-CDE4-4596-90AC-E67576BBBEE2}.Release|Any CPU.ActiveCfg = Release|Any CPU
		{FD0FB164-CDE4-4596-90AC-E67576BBBEE2}.Release|Any CPU.Build.0 = Release|Any CPU
		{58D51F6C-FF86-4396-88B7-3721B64209D2}.Debug|Any CPU.ActiveCfg = Debug|Any CPU
		{58D51F6C-FF86-4396-88B7-3721B64209D2}.Debug|Any CPU.Build.0 = Debug|Any CPU
		{58D51F6C-FF86-4396-88B7-3721B64209D2}.Release|Any CPU.ActiveCfg = Release|Any CPU
		{58D51F6C-FF86-4396-88B7-3721B64209D2}.Release|Any CPU.Build.0 = Release|Any CPU
		{64135B6D-9377-4508-BFF3-66438D1F1A97}.Debug|Any CPU.ActiveCfg = Debug|Any CPU
		{64135B6D-9377-4508-BFF3-66438D1F1A97}.Debug|Any CPU.Build.0 = Debug|Any CPU
		{64135B6D-9377-4508-BFF3-66438D1F1A97}.Release|Any CPU.ActiveCfg = Release|Any CPU
		{64135B6D-9377-4508-BFF3-66438D1F1A97}.Release|Any CPU.Build.0 = Release|Any CPU
		{78CE72B8-E02E-453F-B0A8-4AD2C70D7E61}.Debug|Any CPU.ActiveCfg = Debug|Any CPU
		{78CE72B8-E02E-453F-B0A8-4AD2C70D7E61}.Debug|Any CPU.Build.0 = Debug|Any CPU
		{78CE72B8-E02E-453F-B0A8-4AD2C70D7E61}.Release|Any CPU.ActiveCfg = Release|Any CPU
		{78CE72B8-E02E-453F-B0A8-4AD2C70D7E61}.Release|Any CPU.Build.0 = Release|Any CPU
		{5B851875-7D82-4DC0-B6CB-87F29E21E630}.Debug|Any CPU.ActiveCfg = Debug|Any CPU
		{5B851875-7D82-4DC0-B6CB-87F29E21E630}.Debug|Any CPU.Build.0 = Debug|Any CPU
		{5B851875-7D82-4DC0-B6CB-87F29E21E630}.Release|Any CPU.ActiveCfg = Release|Any CPU
		{5B851875-7D82-4DC0-B6CB-87F29E21E630}.Release|Any CPU.Build.0 = Release|Any CPU
	EndGlobalSection
	GlobalSection(SolutionProperties) = preSolution
		HideSolutionNode = FALSE
	EndGlobalSection
EndGlobal
