
Microsoft Visual Studio Solution File, Format Version 12.00
# Visual Studio 2013
VisualStudioVersion = 12.0.31101.0
MinimumVisualStudioVersion = 10.0.40219.1
Project("{FAE04EC0-301F-11D3-BF4B-00C04F79EFBC}") = "01.GalacticGPS", "01.GalacticGPS\01.GalacticGPS.csproj", "{F98A65EA-559D-4DB5-9507-3CCC3B6A0D57}"
EndProject
Project("{FAE04EC0-301F-11D3-BF4B-00C04F79EFBC}") = "02.FractionCalculator", "02.FractionCalculator\02.FractionCalculator.csproj", "{9724CEAB-0CF2-403C-88B0-BF5779BF150F}"
EndProject
Project("{FAE04EC0-301F-11D3-BF4B-00C04F79EFBC}") = "03.GenericList", "03.GenericList\03.GenericList.csproj", "{8ED1EF1A-61F4-48E9-8582-AAAF211197E9}"
EndProject
Project("{FAE04EC0-301F-11D3-BF4B-00C04F79EFBC}") = "04.WordDocumentGenerator", "04.WordDocumentGenerator\04.WordDocumentGenerator.csproj", "{37F21301-8219-4E88-857B-7AA8CEE4DF87}"
EndProject
Global
	GlobalSection(SolutionConfigurationPlatforms) = preSolution
		Debug|Any CPU = Debug|Any CPU
		Release|Any CPU = Release|Any CPU
	EndGlobalSection
	GlobalSection(ProjectConfigurationPlatforms) = postSolution
		{F98A65EA-559D-4DB5-9507-3CCC3B6A0D57}.Debug|Any CPU.ActiveCfg = Debug|Any CPU
		{F98A65EA-559D-4DB5-9507-3CCC3B6A0D57}.Debug|Any CPU.Build.0 = Debug|Any CPU
		{F98A65EA-559D-4DB5-9507-3CCC3B6A0D57}.Release|Any CPU.ActiveCfg = Release|Any CPU
		{F98A65EA-559D-4DB5-9507-3CCC3B6A0D57}.Release|Any CPU.Build.0 = Release|Any CPU
		{9724CEAB-0CF2-403C-88B0-BF5779BF150F}.Debug|Any CPU.ActiveCfg = Debug|Any CPU
		{9724CEAB-0CF2-403C-88B0-BF5779BF150F}.Debug|Any CPU.Build.0 = Debug|Any CPU
		{9724CEAB-0CF2-403C-88B0-BF5779BF150F}.Release|Any CPU.ActiveCfg = Release|Any CPU
		{9724CEAB-0CF2-403C-88B0-BF5779BF150F}.Release|Any CPU.Build.0 = Release|Any CPU
		{8ED1EF1A-61F4-48E9-8582-AAAF211197E9}.Debug|Any CPU.ActiveCfg = Debug|Any CPU
		{8ED1EF1A-61F4-48E9-8582-AAAF211197E9}.Debug|Any CPU.Build.0 = Debug|Any CPU
		{8ED1EF1A-61F4-48E9-8582-AAAF211197E9}.Release|Any CPU.ActiveCfg = Release|Any CPU
		{8ED1EF1A-61F4-48E9-8582-AAAF211197E9}.Release|Any CPU.Build.0 = Release|Any CPU
		{37F21301-8219-4E88-857B-7AA8CEE4DF87}.Debug|Any CPU.ActiveCfg = Debug|Any CPU
		{37F21301-8219-4E88-857B-7AA8CEE4DF87}.Debug|Any CPU.Build.0 = Debug|Any CPU
		{37F21301-8219-4E88-857B-7AA8CEE4DF87}.Release|Any CPU.ActiveCfg = Release|Any CPU
		{37F21301-8219-4E88-857B-7AA8CEE4DF87}.Release|Any CPU.Build.0 = Release|Any CPU
	EndGlobalSection
	GlobalSection(SolutionProperties) = preSolution
		HideSolutionNode = FALSE
	EndGlobalSection
EndGlobal
