
Microsoft Visual Studio Solution File, Format Version 12.00
# Visual Studio 2013
VisualStudioVersion = 12.0.40629.0
MinimumVisualStudioVersion = 10.0.40219.1
Project("{FAE04EC0-301F-11D3-BF4B-00C04F79EFBC}") = "01.Election", "01.Election\01.Election.csproj", "{2EB1D2AC-019F-4378-8BDA-10BB01ACB1BD}"
EndProject
Project("{FAE04EC0-301F-11D3-BF4B-00C04F79EFBC}") = "02.Renewal", "02.Renewal\02.Renewal.csproj", "{C57FF906-749C-409B-942B-1BFD461A48E5}"
EndProject
Project("{FAE04EC0-301F-11D3-BF4B-00C04F79EFBC}") = "03.ShortestPath", "03.ShortestPath\03.ShortestPath.csproj", "{FF76B3A9-CCE1-4B30-983C-5F878D2E38A1}"
EndProject
Global
	GlobalSection(SolutionConfigurationPlatforms) = preSolution
		Debug|Any CPU = Debug|Any CPU
		Release|Any CPU = Release|Any CPU
	EndGlobalSection
	GlobalSection(ProjectConfigurationPlatforms) = postSolution
		{2EB1D2AC-019F-4378-8BDA-10BB01ACB1BD}.Debug|Any CPU.ActiveCfg = Debug|Any CPU
		{2EB1D2AC-019F-4378-8BDA-10BB01ACB1BD}.Debug|Any CPU.Build.0 = Debug|Any CPU
		{2EB1D2AC-019F-4378-8BDA-10BB01ACB1BD}.Release|Any CPU.ActiveCfg = Release|Any CPU
		{2EB1D2AC-019F-4378-8BDA-10BB01ACB1BD}.Release|Any CPU.Build.0 = Release|Any CPU
		{C57FF906-749C-409B-942B-1BFD461A48E5}.Debug|Any CPU.ActiveCfg = Debug|Any CPU
		{C57FF906-749C-409B-942B-1BFD461A48E5}.Debug|Any CPU.Build.0 = Debug|Any CPU
		{C57FF906-749C-409B-942B-1BFD461A48E5}.Release|Any CPU.ActiveCfg = Release|Any CPU
		{C57FF906-749C-409B-942B-1BFD461A48E5}.Release|Any CPU.Build.0 = Release|Any CPU
		{FF76B3A9-CCE1-4B30-983C-5F878D2E38A1}.Debug|Any CPU.ActiveCfg = Debug|Any CPU
		{FF76B3A9-CCE1-4B30-983C-5F878D2E38A1}.Debug|Any CPU.Build.0 = Debug|Any CPU
		{FF76B3A9-CCE1-4B30-983C-5F878D2E38A1}.Release|Any CPU.ActiveCfg = Release|Any CPU
		{FF76B3A9-CCE1-4B30-983C-5F878D2E38A1}.Release|Any CPU.Build.0 = Release|Any CPU
	EndGlobalSection
	GlobalSection(SolutionProperties) = preSolution
		HideSolutionNode = FALSE
	EndGlobalSection
EndGlobal
