
Microsoft Visual Studio Solution File, Format Version 12.00
# Visual Studio 2013
VisualStudioVersion = 12.0.31101.0
MinimumVisualStudioVersion = 10.0.40219.1
Project("{FAE04EC0-301F-11D3-BF4B-00C04F79EFBC}") = "01.Shapes", "01.Shapes\01.Shapes.csproj", "{F4C3BECD-7E31-43D2-BE7D-78439DE54D1A}"
EndProject
Project("{FAE04EC0-301F-11D3-BF4B-00C04F79EFBC}") = "02.Bank", "02.Bank\02.Bank.csproj", "{611C7B06-0C59-4507-88DB-85699DC36A98}"
EndProject
Project("{FAE04EC0-301F-11D3-BF4B-00C04F79EFBC}") = "03.GameEngine", "03.GameEngine\03.GameEngine.csproj", "{7C6F7F25-2FDB-401F-B1A9-D8CE3BB7308D}"
EndProject
Global
	GlobalSection(SolutionConfigurationPlatforms) = preSolution
		Debug|Any CPU = Debug|Any CPU
		Release|Any CPU = Release|Any CPU
	EndGlobalSection
	GlobalSection(ProjectConfigurationPlatforms) = postSolution
		{F4C3BECD-7E31-43D2-BE7D-78439DE54D1A}.Debug|Any CPU.ActiveCfg = Debug|Any CPU
		{F4C3BECD-7E31-43D2-BE7D-78439DE54D1A}.Debug|Any CPU.Build.0 = Debug|Any CPU
		{F4C3BECD-7E31-43D2-BE7D-78439DE54D1A}.Release|Any CPU.ActiveCfg = Release|Any CPU
		{F4C3BECD-7E31-43D2-BE7D-78439DE54D1A}.Release|Any CPU.Build.0 = Release|Any CPU
		{611C7B06-0C59-4507-88DB-85699DC36A98}.Debug|Any CPU.ActiveCfg = Debug|Any CPU
		{611C7B06-0C59-4507-88DB-85699DC36A98}.Debug|Any CPU.Build.0 = Debug|Any CPU
		{611C7B06-0C59-4507-88DB-85699DC36A98}.Release|Any CPU.ActiveCfg = Release|Any CPU
		{611C7B06-0C59-4507-88DB-85699DC36A98}.Release|Any CPU.Build.0 = Release|Any CPU
		{7C6F7F25-2FDB-401F-B1A9-D8CE3BB7308D}.Debug|Any CPU.ActiveCfg = Debug|Any CPU
		{7C6F7F25-2FDB-401F-B1A9-D8CE3BB7308D}.Debug|Any CPU.Build.0 = Debug|Any CPU
		{7C6F7F25-2FDB-401F-B1A9-D8CE3BB7308D}.Release|Any CPU.ActiveCfg = Release|Any CPU
		{7C6F7F25-2FDB-401F-B1A9-D8CE3BB7308D}.Release|Any CPU.Build.0 = Release|Any CPU
	EndGlobalSection
	GlobalSection(SolutionProperties) = preSolution
		HideSolutionNode = FALSE
	EndGlobalSection
EndGlobal
